// !$*UTF8*$!
{
	archiveVersion = 1;
	classes = {
	};
	objectVersion = 52;
	objects = {

/* Begin PBXBuildFile section */
		441B6A3526427D80009555F3 /* AppDelegate.swift in Sources */ = {isa = PBXBuildFile; fileRef = 441B6A3426427D80009555F3 /* AppDelegate.swift */; };
		441B6A3726427D80009555F3 /* SceneDelegate.swift in Sources */ = {isa = PBXBuildFile; fileRef = 441B6A3626427D80009555F3 /* SceneDelegate.swift */; };
		441B6A3926427D80009555F3 /* DramaListViewController.swift in Sources */ = {isa = PBXBuildFile; fileRef = 441B6A3826427D80009555F3 /* DramaListViewController.swift */; };
		441B6A3C26427D80009555F3 /* Main.storyboard in Resources */ = {isa = PBXBuildFile; fileRef = 441B6A3A26427D80009555F3 /* Main.storyboard */; };
		441B6A3F26427D80009555F3 /* LineTVInterviewProject.xcdatamodeld in Sources */ = {isa = PBXBuildFile; fileRef = 441B6A3D26427D80009555F3 /* LineTVInterviewProject.xcdatamodeld */; };
		441B6A4126427D81009555F3 /* Assets.xcassets in Resources */ = {isa = PBXBuildFile; fileRef = 441B6A4026427D81009555F3 /* Assets.xcassets */; };
		441B6A4426427D81009555F3 /* LaunchScreen.storyboard in Resources */ = {isa = PBXBuildFile; fileRef = 441B6A4226427D81009555F3 /* LaunchScreen.storyboard */; };
		441B6A4F26427EA6009555F3 /* DramaTableViewCell.swift in Sources */ = {isa = PBXBuildFile; fileRef = 441B6A4D26427EA6009555F3 /* DramaTableViewCell.swift */; };
		441B6A5026427EA6009555F3 /* DramaTableViewCell.xib in Resources */ = {isa = PBXBuildFile; fileRef = 441B6A4E26427EA6009555F3 /* DramaTableViewCell.xib */; };
		441B6A5526428046009555F3 /* DramaViewModel.swift in Sources */ = {isa = PBXBuildFile; fileRef = 441B6A5426428046009555F3 /* DramaViewModel.swift */; };
		441B6A592642808F009555F3 /* Drama.swift in Sources */ = {isa = PBXBuildFile; fileRef = 441B6A582642808F009555F3 /* Drama.swift */; };
		441B6A5E26428546009555F3 /* UIImageView+Extension.swift in Sources */ = {isa = PBXBuildFile; fileRef = 441B6A5D26428546009555F3 /* UIImageView+Extension.swift */; };
		441B6A6226428DA2009555F3 /* DateFormatter+Extension.swift in Sources */ = {isa = PBXBuildFile; fileRef = 441B6A6126428DA2009555F3 /* DateFormatter+Extension.swift */; };
		441B6A652642931B009555F3 /* DramaInfoViewController.swift in Sources */ = {isa = PBXBuildFile; fileRef = 441B6A642642931B009555F3 /* DramaInfoViewController.swift */; };
		441B6A692642ED38009555F3 /* UIViewController+Extension.swift in Sources */ = {isa = PBXBuildFile; fileRef = 441B6A682642ED38009555F3 /* UIViewController+Extension.swift */; };
		448110BB2643BB42001202C7 /* NetworkRouter.swift in Sources */ = {isa = PBXBuildFile; fileRef = 448110BA2643BB42001202C7 /* NetworkRouter.swift */; };
		448110BF2643C460001202C7 /* AppError.swift in Sources */ = {isa = PBXBuildFile; fileRef = 448110BE2643C460001202C7 /* AppError.swift */; };
		448110C32643C7D5001202C7 /* CoreDataDB.swift in Sources */ = {isa = PBXBuildFile; fileRef = 448110C22643C7D5001202C7 /* CoreDataDB.swift */; };
		448110C72643CA51001202C7 /* CoreDBError.swift in Sources */ = {isa = PBXBuildFile; fileRef = 448110C62643CA51001202C7 /* CoreDBError.swift */; };
		448110CD2643CE3D001202C7 /* Drama_CoreDB+Extension.swift in Sources */ = {isa = PBXBuildFile; fileRef = 448110CC2643CE3D001202C7 /* Drama_CoreDB+Extension.swift */; };
		448110D92643DA20001202C7 /* NetworkManager.swift in Sources */ = {isa = PBXBuildFile; fileRef = 448110D82643DA20001202C7 /* NetworkManager.swift */; };
		448110DD26443B34001202C7 /* HistoryTableViewCell.swift in Sources */ = {isa = PBXBuildFile; fileRef = 448110DB26443B34001202C7 /* HistoryTableViewCell.swift */; };
		448110DE26443B34001202C7 /* HistoryTableViewCell.xib in Resources */ = {isa = PBXBuildFile; fileRef = 448110DC26443B34001202C7 /* HistoryTableViewCell.xib */; };
		44873AC72644FA6200DF26D2 /* Alamofire in Frameworks */ = {isa = PBXBuildFile; productRef = 44873AC62644FA6200DF26D2 /* Alamofire */; };
/* End PBXBuildFile section */

/* Begin PBXFileReference section */
		441B6A3126427D80009555F3 /* LineTVInterviewProject.app */ = {isa = PBXFileReference; explicitFileType = wrapper.application; includeInIndex = 0; path = LineTVInterviewProject.app; sourceTree = BUILT_PRODUCTS_DIR; };
		441B6A3426427D80009555F3 /* AppDelegate.swift */ = {isa = PBXFileReference; lastKnownFileType = sourcecode.swift; path = AppDelegate.swift; sourceTree = "<group>"; };
		441B6A3626427D80009555F3 /* SceneDelegate.swift */ = {isa = PBXFileReference; lastKnownFileType = sourcecode.swift; path = SceneDelegate.swift; sourceTree = "<group>"; };
		441B6A3826427D80009555F3 /* DramaListViewController.swift */ = {isa = PBXFileReference; lastKnownFileType = sourcecode.swift; path = DramaListViewController.swift; sourceTree = "<group>"; };
		441B6A3B26427D80009555F3 /* Base */ = {isa = PBXFileReference; lastKnownFileType = file.storyboard; name = Base; path = Base.lproj/Main.storyboard; sourceTree = "<group>"; };
		441B6A3E26427D80009555F3 /* LineTVInterviewProject.xcdatamodel */ = {isa = PBXFileReference; lastKnownFileType = wrapper.xcdatamodel; path = LineTVInterviewProject.xcdatamodel; sourceTree = "<group>"; };
		441B6A4026427D81009555F3 /* Assets.xcassets */ = {isa = PBXFileReference; lastKnownFileType = folder.assetcatalog; path = Assets.xcassets; sourceTree = "<group>"; };
		441B6A4326427D81009555F3 /* Base */ = {isa = PBXFileReference; lastKnownFileType = file.storyboard; name = Base; path = Base.lproj/LaunchScreen.storyboard; sourceTree = "<group>"; };
		441B6A4526427D81009555F3 /* Info.plist */ = {isa = PBXFileReference; lastKnownFileType = text.plist.xml; path = Info.plist; sourceTree = "<group>"; };
		441B6A4D26427EA6009555F3 /* DramaTableViewCell.swift */ = {isa = PBXFileReference; lastKnownFileType = sourcecode.swift; path = DramaTableViewCell.swift; sourceTree = "<group>"; };
		441B6A4E26427EA6009555F3 /* DramaTableViewCell.xib */ = {isa = PBXFileReference; lastKnownFileType = file.xib; path = DramaTableViewCell.xib; sourceTree = "<group>"; };
		441B6A5426428046009555F3 /* DramaViewModel.swift */ = {isa = PBXFileReference; lastKnownFileType = sourcecode.swift; path = DramaViewModel.swift; sourceTree = "<group>"; };
		441B6A582642808F009555F3 /* Drama.swift */ = {isa = PBXFileReference; lastKnownFileType = sourcecode.swift; path = Drama.swift; sourceTree = "<group>"; };
		441B6A5D26428546009555F3 /* UIImageView+Extension.swift */ = {isa = PBXFileReference; lastKnownFileType = sourcecode.swift; path = "UIImageView+Extension.swift"; sourceTree = "<group>"; };
		441B6A6126428DA2009555F3 /* DateFormatter+Extension.swift */ = {isa = PBXFileReference; lastKnownFileType = sourcecode.swift; path = "DateFormatter+Extension.swift"; sourceTree = "<group>"; };
		441B6A642642931B009555F3 /* DramaInfoViewController.swift */ = {isa = PBXFileReference; lastKnownFileType = sourcecode.swift; path = DramaInfoViewController.swift; sourceTree = "<group>"; };
		441B6A682642ED38009555F3 /* UIViewController+Extension.swift */ = {isa = PBXFileReference; lastKnownFileType = sourcecode.swift; path = "UIViewController+Extension.swift"; sourceTree = "<group>"; };
		448110BA2643BB42001202C7 /* NetworkRouter.swift */ = {isa = PBXFileReference; lastKnownFileType = sourcecode.swift; path = NetworkRouter.swift; sourceTree = "<group>"; };
		448110BE2643C460001202C7 /* AppError.swift */ = {isa = PBXFileReference; lastKnownFileType = sourcecode.swift; path = AppError.swift; sourceTree = "<group>"; };
		448110C22643C7D5001202C7 /* CoreDataDB.swift */ = {isa = PBXFileReference; lastKnownFileType = sourcecode.swift; path = CoreDataDB.swift; sourceTree = "<group>"; };
		448110C62643CA51001202C7 /* CoreDBError.swift */ = {isa = PBXFileReference; lastKnownFileType = sourcecode.swift; path = CoreDBError.swift; sourceTree = "<group>"; };
		448110CC2643CE3D001202C7 /* Drama_CoreDB+Extension.swift */ = {isa = PBXFileReference; lastKnownFileType = sourcecode.swift; path = "Drama_CoreDB+Extension.swift"; sourceTree = "<group>"; };
		448110D82643DA20001202C7 /* NetworkManager.swift */ = {isa = PBXFileReference; lastKnownFileType = sourcecode.swift; path = NetworkManager.swift; sourceTree = "<group>"; };
		448110DB26443B34001202C7 /* HistoryTableViewCell.swift */ = {isa = PBXFileReference; lastKnownFileType = sourcecode.swift; path = HistoryTableViewCell.swift; sourceTree = "<group>"; };
		448110DC26443B34001202C7 /* HistoryTableViewCell.xib */ = {isa = PBXFileReference; lastKnownFileType = file.xib; path = HistoryTableViewCell.xib; sourceTree = "<group>"; };
/* End PBXFileReference section */

/* Begin PBXFrameworksBuildPhase section */
		441B6A2E26427D80009555F3 /* Frameworks */ = {
			isa = PBXFrameworksBuildPhase;
			buildActionMask = 2147483647;
			files = (
				44873AC72644FA6200DF26D2 /* Alamofire in Frameworks */,
			);
			runOnlyForDeploymentPostprocessing = 0;
		};
/* End PBXFrameworksBuildPhase section */

/* Begin PBXGroup section */
		441B6A2826427D80009555F3 = {
			isa = PBXGroup;
			children = (
				441B6A3326427D80009555F3 /* LineTVInterviewProject */,
				441B6A3226427D80009555F3 /* Products */,
			);
			sourceTree = "<group>";
		};
		441B6A3226427D80009555F3 /* Products */ = {
			isa = PBXGroup;
			children = (
				441B6A3126427D80009555F3 /* LineTVInterviewProject.app */,
			);
			name = Products;
			sourceTree = "<group>";
		};
		441B6A3326427D80009555F3 /* LineTVInterviewProject */ = {
			isa = PBXGroup;
			children = (
				441B6A3426427D80009555F3 /* AppDelegate.swift */,
				441B6A3626427D80009555F3 /* SceneDelegate.swift */,
				441B6A3A26427D80009555F3 /* Main.storyboard */,
				44873AC92645147D00DF26D2 /* UIViewController */,
				441B6A572642807F009555F3 /* Model */,
				441B6A5326428034009555F3 /* ViewModel */,
				441B6A4C26427E81009555F3 /* TableViewCell */,
				448110BD2643C454001202C7 /* Error */,
				448110B92643BA90001202C7 /* Network */,
				441B6A5C26428534009555F3 /* Extension */,
				441B6A4026427D81009555F3 /* Assets.xcassets */,
				441B6A4226427D81009555F3 /* LaunchScreen.storyboard */,
				441B6A4526427D81009555F3 /* Info.plist */,
				448110C12643C7C1001202C7 /* CoreData */,
			);
			path = LineTVInterviewProject;
			sourceTree = "<group>";
		};
		441B6A4C26427E81009555F3 /* TableViewCell */ = {
			isa = PBXGroup;
			children = (
				441B6A4D26427EA6009555F3 /* DramaTableViewCell.swift */,
				441B6A4E26427EA6009555F3 /* DramaTableViewCell.xib */,
				448110DB26443B34001202C7 /* HistoryTableViewCell.swift */,
				448110DC26443B34001202C7 /* HistoryTableViewCell.xib */,
			);
			path = TableViewCell;
			sourceTree = "<group>";
		};
		441B6A5326428034009555F3 /* ViewModel */ = {
			isa = PBXGroup;
			children = (
				441B6A5426428046009555F3 /* DramaViewModel.swift */,
			);
			path = ViewModel;
			sourceTree = "<group>";
		};
		441B6A572642807F009555F3 /* Model */ = {
			isa = PBXGroup;
			children = (
				441B6A582642808F009555F3 /* Drama.swift */,
			);
			path = Model;
			sourceTree = "<group>";
		};
		441B6A5C26428534009555F3 /* Extension */ = {
			isa = PBXGroup;
			children = (
				441B6A5D26428546009555F3 /* UIImageView+Extension.swift */,
				441B6A6126428DA2009555F3 /* DateFormatter+Extension.swift */,
				441B6A682642ED38009555F3 /* UIViewController+Extension.swift */,
			);
			path = Extension;
			sourceTree = "<group>";
		};
		448110B92643BA90001202C7 /* Network */ = {
			isa = PBXGroup;
			children = (
				448110BA2643BB42001202C7 /* NetworkRouter.swift */,
				448110D82643DA20001202C7 /* NetworkManager.swift */,
			);
			path = Network;
			sourceTree = "<group>";
		};
		448110BD2643C454001202C7 /* Error */ = {
			isa = PBXGroup;
			children = (
				448110BE2643C460001202C7 /* AppError.swift */,
				448110C62643CA51001202C7 /* CoreDBError.swift */,
			);
			path = Error;
			sourceTree = "<group>";
		};
		448110C12643C7C1001202C7 /* CoreData */ = {
			isa = PBXGroup;
			children = (
				448110CB2643CE28001202C7 /* Extension */,
				441B6A3D26427D80009555F3 /* LineTVInterviewProject.xcdatamodeld */,
				448110C22643C7D5001202C7 /* CoreDataDB.swift */,
			);
			path = CoreData;
			sourceTree = "<group>";
		};
		448110CB2643CE28001202C7 /* Extension */ = {
			isa = PBXGroup;
			children = (
				448110CC2643CE3D001202C7 /* Drama_CoreDB+Extension.swift */,
			);
			path = Extension;
			sourceTree = "<group>";
		};
		44873AC92645147D00DF26D2 /* UIViewController */ = {
			isa = PBXGroup;
			children = (
				441B6A3826427D80009555F3 /* DramaListViewController.swift */,
				441B6A642642931B009555F3 /* DramaInfoViewController.swift */,
			);
			path = UIViewController;
			sourceTree = "<group>";
		};
/* End PBXGroup section */

/* Begin PBXNativeTarget section */
		441B6A3026427D80009555F3 /* LineTVInterviewProject */ = {
			isa = PBXNativeTarget;
			buildConfigurationList = 441B6A4826427D81009555F3 /* Build configuration list for PBXNativeTarget "LineTVInterviewProject" */;
			buildPhases = (
				441B6A2D26427D80009555F3 /* Sources */,
				441B6A2E26427D80009555F3 /* Frameworks */,
				441B6A2F26427D80009555F3 /* Resources */,
			);
			buildRules = (
			);
			dependencies = (
			);
			name = LineTVInterviewProject;
			packageProductDependencies = (
				44873AC62644FA6200DF26D2 /* Alamofire */,
			);
			productName = LineTVInterviewProject;
			productReference = 441B6A3126427D80009555F3 /* LineTVInterviewProject.app */;
			productType = "com.apple.product-type.application";
		};
/* End PBXNativeTarget section */

/* Begin PBXProject section */
		441B6A2926427D80009555F3 /* Project object */ = {
			isa = PBXProject;
			attributes = {
				LastSwiftUpdateCheck = 1240;
				LastUpgradeCheck = 1240;
				TargetAttributes = {
					441B6A3026427D80009555F3 = {
						CreatedOnToolsVersion = 12.4;
					};
				};
			};
			buildConfigurationList = 441B6A2C26427D80009555F3 /* Build configuration list for PBXProject "LineTVInterviewProject" */;
			compatibilityVersion = "Xcode 9.3";
			developmentRegion = en;
			hasScannedForEncodings = 0;
			knownRegions = (
				en,
				Base,
			);
			mainGroup = 441B6A2826427D80009555F3;
			packageReferences = (
				44873AC52644FA6200DF26D2 /* XCRemoteSwiftPackageReference "Alamofire" */,
			);
			productRefGroup = 441B6A3226427D80009555F3 /* Products */;
			projectDirPath = "";
			projectRoot = "";
			targets = (
				441B6A3026427D80009555F3 /* LineTVInterviewProject */,
			);
		};
/* End PBXProject section */

/* Begin PBXResourcesBuildPhase section */
		441B6A2F26427D80009555F3 /* Resources */ = {
			isa = PBXResourcesBuildPhase;
			buildActionMask = 2147483647;
			files = (
				441B6A4426427D81009555F3 /* LaunchScreen.storyboard in Resources */,
				448110DE26443B34001202C7 /* HistoryTableViewCell.xib in Resources */,
				441B6A4126427D81009555F3 /* Assets.xcassets in Resources */,
				441B6A3C26427D80009555F3 /* Main.storyboard in Resources */,
				441B6A5026427EA6009555F3 /* DramaTableViewCell.xib in Resources */,
			);
			runOnlyForDeploymentPostprocessing = 0;
		};
/* End PBXResourcesBuildPhase section */

/* Begin PBXSourcesBuildPhase section */
		441B6A2D26427D80009555F3 /* Sources */ = {
			isa = PBXSourcesBuildPhase;
			buildActionMask = 2147483647;
			files = (
				448110DD26443B34001202C7 /* HistoryTableViewCell.swift in Sources */,
				441B6A652642931B009555F3 /* DramaInfoViewController.swift in Sources */,
				441B6A692642ED38009555F3 /* UIViewController+Extension.swift in Sources */,
				448110CD2643CE3D001202C7 /* Drama_CoreDB+Extension.swift in Sources */,
				448110C32643C7D5001202C7 /* CoreDataDB.swift in Sources */,
				441B6A3926427D80009555F3 /* DramaListViewController.swift in Sources */,
				441B6A3F26427D80009555F3 /* LineTVInterviewProject.xcdatamodeld in Sources */,
				448110C72643CA51001202C7 /* CoreDBError.swift in Sources */,
				448110BF2643C460001202C7 /* AppError.swift in Sources */,
				441B6A5E26428546009555F3 /* UIImageView+Extension.swift in Sources */,
				448110BB2643BB42001202C7 /* NetworkRouter.swift in Sources */,
				448110D92643DA20001202C7 /* NetworkManager.swift in Sources */,
				441B6A4F26427EA6009555F3 /* DramaTableViewCell.swift in Sources */,
				441B6A3526427D80009555F3 /* AppDelegate.swift in Sources */,
				441B6A6226428DA2009555F3 /* DateFormatter+Extension.swift in Sources */,
				441B6A5526428046009555F3 /* DramaViewModel.swift in Sources */,
				441B6A3726427D80009555F3 /* SceneDelegate.swift in Sources */,
				441B6A592642808F009555F3 /* Drama.swift in Sources */,
			);
			runOnlyForDeploymentPostprocessing = 0;
		};
/* End PBXSourcesBuildPhase section */

/* Begin PBXVariantGroup section */
		441B6A3A26427D80009555F3 /* Main.storyboard */ = {
			isa = PBXVariantGroup;
			children = (
				441B6A3B26427D80009555F3 /* Base */,
			);
			name = Main.storyboard;
			sourceTree = "<group>";
		};
		441B6A4226427D81009555F3 /* LaunchScreen.storyboard */ = {
			isa = PBXVariantGroup;
			children = (
				441B6A4326427D81009555F3 /* Base */,
			);
			name = LaunchScreen.storyboard;
			sourceTree = "<group>";
		};
/* End PBXVariantGroup section */

/* Begin XCBuildConfiguration section */
		441B6A4626427D81009555F3 /* Debug */ = {
			isa = XCBuildConfiguration;
			buildSettings = {
				ALWAYS_SEARCH_USER_PATHS = NO;
				CLANG_ANALYZER_NONNULL = YES;
				CLANG_ANALYZER_NUMBER_OBJECT_CONVERSION = YES_AGGRESSIVE;
				CLANG_CXX_LANGUAGE_STANDARD = "gnu++14";
				CLANG_CXX_LIBRARY = "libc++";
				CLANG_ENABLE_MODULES = YES;
				CLANG_ENABLE_OBJC_ARC = YES;
				CLANG_ENABLE_OBJC_WEAK = YES;
				CLANG_WARN_BLOCK_CAPTURE_AUTORELEASING = YES;
				CLANG_WARN_BOOL_CONVERSION = YES;
				CLANG_WARN_COMMA = YES;
				CLANG_WARN_CONSTANT_CONVERSION = YES;
				CLANG_WARN_DEPRECATED_OBJC_IMPLEMENTATIONS = YES;
				CLANG_WARN_DIRECT_OBJC_ISA_USAGE = YES_ERROR;
				CLANG_WARN_DOCUMENTATION_COMMENTS = YES;
				CLANG_WARN_EMPTY_BODY = YES;
				CLANG_WARN_ENUM_CONVERSION = YES;
				CLANG_WARN_INFINITE_RECURSION = YES;
				CLANG_WARN_INT_CONVERSION = YES;
				CLANG_WARN_NON_LITERAL_NULL_CONVERSION = YES;
				CLANG_WARN_OBJC_IMPLICIT_RETAIN_SELF = YES;
				CLANG_WARN_OBJC_LITERAL_CONVERSION = YES;
				CLANG_WARN_OBJC_ROOT_CLASS = YES_ERROR;
				CLANG_WARN_QUOTED_INCLUDE_IN_FRAMEWORK_HEADER = YES;
				CLANG_WARN_RANGE_LOOP_ANALYSIS = YES;
				CLANG_WARN_STRICT_PROTOTYPES = YES;
				CLANG_WARN_SUSPICIOUS_MOVE = YES;
				CLANG_WARN_UNGUARDED_AVAILABILITY = YES_AGGRESSIVE;
				CLANG_WARN_UNREACHABLE_CODE = YES;
				CLANG_WARN__DUPLICATE_METHOD_MATCH = YES;
				COPY_PHASE_STRIP = NO;
				DEBUG_INFORMATION_FORMAT = dwarf;
				ENABLE_STRICT_OBJC_MSGSEND = YES;
				ENABLE_TESTABILITY = YES;
				GCC_C_LANGUAGE_STANDARD = gnu11;
				GCC_DYNAMIC_NO_PIC = NO;
				GCC_NO_COMMON_BLOCKS = YES;
				GCC_OPTIMIZATION_LEVEL = 0;
				GCC_PREPROCESSOR_DEFINITIONS = (
					"DEBUG=1",
					"$(inherited)",
				);
				GCC_WARN_64_TO_32_BIT_CONVERSION = YES;
				GCC_WARN_ABOUT_RETURN_TYPE = YES_ERROR;
				GCC_WARN_UNDECLARED_SELECTOR = YES;
				GCC_WARN_UNINITIALIZED_AUTOS = YES_AGGRESSIVE;
				GCC_WARN_UNUSED_FUNCTION = YES;
				GCC_WARN_UNUSED_VARIABLE = YES;
				IPHONEOS_DEPLOYMENT_TARGET = 14.4;
				MTL_ENABLE_DEBUG_INFO = INCLUDE_SOURCE;
				MTL_FAST_MATH = YES;
				ONLY_ACTIVE_ARCH = YES;
				SDKROOT = iphoneos;
				SWIFT_ACTIVE_COMPILATION_CONDITIONS = DEBUG;
				SWIFT_OPTIMIZATION_LEVEL = "-Onone";
			};
			name = Debug;
		};
		441B6A4726427D81009555F3 /* Release */ = {
			isa = XCBuildConfiguration;
			buildSettings = {
				ALWAYS_SEARCH_USER_PATHS = NO;
				CLANG_ANALYZER_NONNULL = YES;
				CLANG_ANALYZER_NUMBER_OBJECT_CONVERSION = YES_AGGRESSIVE;
				CLANG_CXX_LANGUAGE_STANDARD = "gnu++14";
				CLANG_CXX_LIBRARY = "libc++";
				CLANG_ENABLE_MODULES = YES;
				CLANG_ENABLE_OBJC_ARC = YES;
				CLANG_ENABLE_OBJC_WEAK = YES;
				CLANG_WARN_BLOCK_CAPTURE_AUTORELEASING = YES;
				CLANG_WARN_BOOL_CONVERSION = YES;
				CLANG_WARN_COMMA = YES;
				CLANG_WARN_CONSTANT_CONVERSION = YES;
				CLANG_WARN_DEPRECATED_OBJC_IMPLEMENTATIONS = YES;
				CLANG_WARN_DIRECT_OBJC_ISA_USAGE = YES_ERROR;
				CLANG_WARN_DOCUMENTATION_COMMENTS = YES;
				CLANG_WARN_EMPTY_BODY = YES;
				CLANG_WARN_ENUM_CONVERSION = YES;
				CLANG_WARN_INFINITE_RECURSION = YES;
				CLANG_WARN_INT_CONVERSION = YES;
				CLANG_WARN_NON_LITERAL_NULL_CONVERSION = YES;
				CLANG_WARN_OBJC_IMPLICIT_RETAIN_SELF = YES;
				CLANG_WARN_OBJC_LITERAL_CONVERSION = YES;
				CLANG_WARN_OBJC_ROOT_CLASS = YES_ERROR;
				CLANG_WARN_QUOTED_INCLUDE_IN_FRAMEWORK_HEADER = YES;
				CLANG_WARN_RANGE_LOOP_ANALYSIS = YES;
				CLANG_WARN_STRICT_PROTOTYPES = YES;
				CLANG_WARN_SUSPICIOUS_MOVE = YES;
				CLANG_WARN_UNGUARDED_AVAILABILITY = YES_AGGRESSIVE;
				CLANG_WARN_UNREACHABLE_CODE = YES;
				CLANG_WARN__DUPLICATE_METHOD_MATCH = YES;
				COPY_PHASE_STRIP = NO;
				DEBUG_INFORMATION_FORMAT = "dwarf-with-dsym";
				ENABLE_NS_ASSERTIONS = NO;
				ENABLE_STRICT_OBJC_MSGSEND = YES;
				GCC_C_LANGUAGE_STANDARD = gnu11;
				GCC_NO_COMMON_BLOCKS = YES;
				GCC_WARN_64_TO_32_BIT_CONVERSION = YES;
				GCC_WARN_ABOUT_RETURN_TYPE = YES_ERROR;
				GCC_WARN_UNDECLARED_SELECTOR = YES;
				GCC_WARN_UNINITIALIZED_AUTOS = YES_AGGRESSIVE;
				GCC_WARN_UNUSED_FUNCTION = YES;
				GCC_WARN_UNUSED_VARIABLE = YES;
				IPHONEOS_DEPLOYMENT_TARGET = 14.4;
				MTL_ENABLE_DEBUG_INFO = NO;
				MTL_FAST_MATH = YES;
				SDKROOT = iphoneos;
				SWIFT_COMPILATION_MODE = wholemodule;
				SWIFT_OPTIMIZATION_LEVEL = "-O";
				VALIDATE_PRODUCT = YES;
			};
			name = Release;
		};
		441B6A4926427D81009555F3 /* Debug */ = {
			isa = XCBuildConfiguration;
			buildSettings = {
				ASSETCATALOG_COMPILER_APPICON_NAME = AppIcon;
				ASSETCATALOG_COMPILER_GLOBAL_ACCENT_COLOR_NAME = AccentColor;
				CODE_SIGN_STYLE = Automatic;
				DEVELOPMENT_TEAM = XVB2JZ6L9X;
				INFOPLIST_FILE = LineTVInterviewProject/Info.plist;
				IPHONEOS_DEPLOYMENT_TARGET = 13.0;
				LD_RUNPATH_SEARCH_PATHS = (
					"$(inherited)",
					"@executable_path/Frameworks",
				);
				PRODUCT_BUNDLE_IDENTIFIER = com.TerryLee.LineTVInterviewProject;
				PRODUCT_NAME = "$(TARGET_NAME)";
				SWIFT_VERSION = 5.0;
				TARGETED_DEVICE_FAMILY = "1,2";
			};
			name = Debug;
		};
		441B6A4A26427D81009555F3 /* Release */ = {
			isa = XCBuildConfiguration;
			buildSettings = {
				ASSETCATALOG_COMPILER_APPICON_NAME = AppIcon;
				ASSETCATALOG_COMPILER_GLOBAL_ACCENT_COLOR_NAME = AccentColor;
				CODE_SIGN_STYLE = Automatic;
				DEVELOPMENT_TEAM = XVB2JZ6L9X;
				INFOPLIST_FILE = LineTVInterviewProject/Info.plist;
				IPHONEOS_DEPLOYMENT_TARGET = 13.0;
				LD_RUNPATH_SEARCH_PATHS = (
					"$(inherited)",
					"@executable_path/Frameworks",
				);
				PRODUCT_BUNDLE_IDENTIFIER = com.TerryLee.LineTVInterviewProject;
				PRODUCT_NAME = "$(TARGET_NAME)";
				SWIFT_VERSION = 5.0;
				TARGETED_DEVICE_FAMILY = "1,2";
			};
			name = Release;
		};
/* End XCBuildConfiguration section */

/* Begin XCConfigurationList section */
		441B6A2C26427D80009555F3 /* Build configuration list for PBXProject "LineTVInterviewProject" */ = {
			isa = XCConfigurationList;
			buildConfigurations = (
				441B6A4626427D81009555F3 /* Debug */,
				441B6A4726427D81009555F3 /* Release */,
			);
			defaultConfigurationIsVisible = 0;
			defaultConfigurationName = Release;
		};
		441B6A4826427D81009555F3 /* Build configuration list for PBXNativeTarget "LineTVInterviewProject" */ = {
			isa = XCConfigurationList;
			buildConfigurations = (
				441B6A4926427D81009555F3 /* Debug */,
				441B6A4A26427D81009555F3 /* Release */,
			);
			defaultConfigurationIsVisible = 0;
			defaultConfigurationName = Release;
		};
/* End XCConfigurationList section */

/* Begin XCRemoteSwiftPackageReference section */
		44873AC52644FA6200DF26D2 /* XCRemoteSwiftPackageReference "Alamofire" */ = {
			isa = XCRemoteSwiftPackageReference;
			repositoryURL = "https://github.com/Alamofire/Alamofire.git";
			requirement = {
				kind = upToNextMajorVersion;
				minimumVersion = 5.2.0;
			};
		};
/* End XCRemoteSwiftPackageReference section */

/* Begin XCSwiftPackageProductDependency section */
		44873AC62644FA6200DF26D2 /* Alamofire */ = {
			isa = XCSwiftPackageProductDependency;
			package = 44873AC52644FA6200DF26D2 /* XCRemoteSwiftPackageReference "Alamofire" */;
			productName = Alamofire;
		};
/* End XCSwiftPackageProductDependency section */

/* Begin XCVersionGroup section */
		441B6A3D26427D80009555F3 /* LineTVInterviewProject.xcdatamodeld */ = {
			isa = XCVersionGroup;
			children = (
				441B6A3E26427D80009555F3 /* LineTVInterviewProject.xcdatamodel */,
			);
			currentVersion = 441B6A3E26427D80009555F3 /* LineTVInterviewProject.xcdatamodel */;
			path = LineTVInterviewProject.xcdatamodeld;
			sourceTree = "<group>";
			versionGroupType = wrapper.xcdatamodel;
		};
/* End XCVersionGroup section */
	};
	rootObject = 441B6A2926427D80009555F3 /* Project object */;
}
